
Microsoft Visual Studio Solution File, Format Version 11.00
# Visual Studio 2010
Project("{8BC9CEB8-8B4A-11D0-8D11-00A0C91BC942}") = "matHCRF", "matHCRF\matHCRF.vcxproj", "{41FEFE06-8F19-4561-AA07-BD783DD21976}"
EndProject
Project("{8BC9CEB8-8B4A-11D0-8D11-00A0C91BC942}") = "testHCRF", "testHCRF\testHCRF.vcxproj", "{C18FCADB-1BB6-4C0C-8829-0EC5D4507D2E}"
EndProject
Project("{8BC9CEB8-8B4A-11D0-8D11-00A0C91BC942}") = "hCRF", "..\libs\shared\hCRF\hCRF.vcxproj", "{7C9F26EF-21D3-4C93-9C76-7BE249BB72CF}"
EndProject
Project("{8BC9CEB8-8B4A-11D0-8D11-00A0C91BC942}") = "cgDescent", "..\libs\3rdParty\cgDescent\cgDescent.vcxproj", "{60445AE9-A34B-4E43-BEE4-DBF5BC385102}"
EndProject
Project("{8BC9CEB8-8B4A-11D0-8D11-00A0C91BC942}") = "uncOptim", "..\libs\3rdParty\uncOptim\uncOptim.vcxproj", "{581D601B-91EE-47A1-8318-613F87B9E43F}"
EndProject
Project("{8BC9CEB8-8B4A-11D0-8D11-00A0C91BC942}") = "lib", "..\libs\3rdParty\liblbfgs\lib\lib.vcxproj", "{C4405B73-A899-44BF-8681-04CE040B6705}"
EndProject
Global
	GlobalSection(SolutionConfigurationPlatforms) = preSolution
		Debug|Win32 = Debug|Win32
		Debug|x64 = Debug|x64
		DebugOpenMP|Win32 = DebugOpenMP|Win32
		DebugOpenMP|x64 = DebugOpenMP|x64
		Release|Win32 = Release|Win32
		Release|x64 = Release|x64
		ReleaseOpenMP|Win32 = ReleaseOpenMP|Win32
		ReleaseOpenMP|x64 = ReleaseOpenMP|x64
	EndGlobalSection
	GlobalSection(ProjectConfigurationPlatforms) = postSolution
		{41FEFE06-8F19-4561-AA07-BD783DD21976}.Debug|Win32.ActiveCfg = Debug|Win32
		{41FEFE06-8F19-4561-AA07-BD783DD21976}.Debug|Win32.Build.0 = Debug|Win32
		{41FEFE06-8F19-4561-AA07-BD783DD21976}.Debug|x64.ActiveCfg = Debug|x64
		{41FEFE06-8F19-4561-AA07-BD783DD21976}.Debug|x64.Build.0 = Debug|x64
		{41FEFE06-8F19-4561-AA07-BD783DD21976}.DebugOpenMP|Win32.ActiveCfg = DebugOpenMP|Win32
		{41FEFE06-8F19-4561-AA07-BD783DD21976}.DebugOpenMP|Win32.Build.0 = DebugOpenMP|Win32
		{41FEFE06-8F19-4561-AA07-BD783DD21976}.DebugOpenMP|x64.ActiveCfg = DebugOpenMP|x64
		{41FEFE06-8F19-4561-AA07-BD783DD21976}.DebugOpenMP|x64.Build.0 = DebugOpenMP|x64
		{41FEFE06-8F19-4561-AA07-BD783DD21976}.Release|Win32.ActiveCfg = Release|Win32
		{41FEFE06-8F19-4561-AA07-BD783DD21976}.Release|Win32.Build.0 = Release|Win32
		{41FEFE06-8F19-4561-AA07-BD783DD21976}.Release|x64.ActiveCfg = Release|x64
		{41FEFE06-8F19-4561-AA07-BD783DD21976}.Release|x64.Build.0 = Release|x64
		{41FEFE06-8F19-4561-AA07-BD783DD21976}.ReleaseOpenMP|Win32.ActiveCfg = ReleaseOpenMP|Win32
		{41FEFE06-8F19-4561-AA07-BD783DD21976}.ReleaseOpenMP|Win32.Build.0 = ReleaseOpenMP|Win32
		{41FEFE06-8F19-4561-AA07-BD783DD21976}.ReleaseOpenMP|x64.ActiveCfg = ReleaseOpenMP|x64
		{41FEFE06-8F19-4561-AA07-BD783DD21976}.ReleaseOpenMP|x64.Build.0 = ReleaseOpenMP|x64
		{C18FCADB-1BB6-4C0C-8829-0EC5D4507D2E}.Debug|Win32.ActiveCfg = Debug|Win32
		{C18FCADB-1BB6-4C0C-8829-0EC5D4507D2E}.Debug|Win32.Build.0 = Debug|Win32
		{C18FCADB-1BB6-4C0C-8829-0EC5D4507D2E}.Debug|x64.ActiveCfg = Debug|x64
		{C18FCADB-1BB6-4C0C-8829-0EC5D4507D2E}.Debug|x64.Build.0 = Debug|x64
		{C18FCADB-1BB6-4C0C-8829-0EC5D4507D2E}.DebugOpenMP|Win32.ActiveCfg = DebugOpenMP|Win32
		{C18FCADB-1BB6-4C0C-8829-0EC5D4507D2E}.DebugOpenMP|Win32.Build.0 = DebugOpenMP|Win32
		{C18FCADB-1BB6-4C0C-8829-0EC5D4507D2E}.DebugOpenMP|x64.ActiveCfg = DebugOpenMP|x64
		{C18FCADB-1BB6-4C0C-8829-0EC5D4507D2E}.DebugOpenMP|x64.Build.0 = DebugOpenMP|x64
		{C18FCADB-1BB6-4C0C-8829-0EC5D4507D2E}.Release|Win32.ActiveCfg = Release|Win32
		{C18FCADB-1BB6-4C0C-8829-0EC5D4507D2E}.Release|Win32.Build.0 = Release|Win32
		{C18FCADB-1BB6-4C0C-8829-0EC5D4507D2E}.Release|x64.ActiveCfg = Release|x64
		{C18FCADB-1BB6-4C0C-8829-0EC5D4507D2E}.Release|x64.Build.0 = Release|x64
		{C18FCADB-1BB6-4C0C-8829-0EC5D4507D2E}.ReleaseOpenMP|Win32.ActiveCfg = ReleaseOpenMP|Win32
		{C18FCADB-1BB6-4C0C-8829-0EC5D4507D2E}.ReleaseOpenMP|Win32.Build.0 = ReleaseOpenMP|Win32
		{C18FCADB-1BB6-4C0C-8829-0EC5D4507D2E}.ReleaseOpenMP|x64.ActiveCfg = ReleaseOpenMP|x64
		{C18FCADB-1BB6-4C0C-8829-0EC5D4507D2E}.ReleaseOpenMP|x64.Build.0 = ReleaseOpenMP|x64
		{7C9F26EF-21D3-4C93-9C76-7BE249BB72CF}.Debug|Win32.ActiveCfg = Debug|Win32
		{7C9F26EF-21D3-4C93-9C76-7BE249BB72CF}.Debug|Win32.Build.0 = Debug|Win32
		{7C9F26EF-21D3-4C93-9C76-7BE249BB72CF}.Debug|x64.ActiveCfg = Debug|x64
		{7C9F26EF-21D3-4C93-9C76-7BE249BB72CF}.Debug|x64.Build.0 = Debug|x64
		{7C9F26EF-21D3-4C93-9C76-7BE249BB72CF}.DebugOpenMP|Win32.ActiveCfg = DebugOpenMP|Win32
		{7C9F26EF-21D3-4C93-9C76-7BE249BB72CF}.DebugOpenMP|Win32.Build.0 = DebugOpenMP|Win32
		{7C9F26EF-21D3-4C93-9C76-7BE249BB72CF}.DebugOpenMP|x64.ActiveCfg = DebugOpenMP|x64
		{7C9F26EF-21D3-4C93-9C76-7BE249BB72CF}.DebugOpenMP|x64.Build.0 = DebugOpenMP|x64
		{7C9F26EF-21D3-4C93-9C76-7BE249BB72CF}.Release|Win32.ActiveCfg = Release|Win32
		{7C9F26EF-21D3-4C93-9C76-7BE249BB72CF}.Release|Win32.Build.0 = Release|Win32
		{7C9F26EF-21D3-4C93-9C76-7BE249BB72CF}.Release|x64.ActiveCfg = Release|x64
		{7C9F26EF-21D3-4C93-9C76-7BE249BB72CF}.Release|x64.Build.0 = Release|x64
		{7C9F26EF-21D3-4C93-9C76-7BE249BB72CF}.ReleaseOpenMP|Win32.ActiveCfg = ReleaseOpenMP|Win32
		{7C9F26EF-21D3-4C93-9C76-7BE249BB72CF}.ReleaseOpenMP|Win32.Build.0 = ReleaseOpenMP|Win32
		{7C9F26EF-21D3-4C93-9C76-7BE249BB72CF}.ReleaseOpenMP|x64.ActiveCfg = ReleaseOpenMP|x64
		{7C9F26EF-21D3-4C93-9C76-7BE249BB72CF}.ReleaseOpenMP|x64.Build.0 = ReleaseOpenMP|x64
		{60445AE9-A34B-4E43-BEE4-DBF5BC385102}.Debug|Win32.ActiveCfg = Debug|Win32
		{60445AE9-A34B-4E43-BEE4-DBF5BC385102}.Debug|Win32.Build.0 = Debug|Win32
		{60445AE9-A34B-4E43-BEE4-DBF5BC385102}.Debug|x64.ActiveCfg = Debug|x64
		{60445AE9-A34B-4E43-BEE4-DBF5BC385102}.Debug|x64.Build.0 = Debug|x64
		{60445AE9-A34B-4E43-BEE4-DBF5BC385102}.DebugOpenMP|Win32.ActiveCfg = Debug|Win32
		{60445AE9-A34B-4E43-BEE4-DBF5BC385102}.DebugOpenMP|Win32.Build.0 = Debug|Win32
		{60445AE9-A34B-4E43-BEE4-DBF5BC385102}.DebugOpenMP|x64.ActiveCfg = Debug|x64
		{60445AE9-A34B-4E43-BEE4-DBF5BC385102}.DebugOpenMP|x64.Build.0 = Debug|x64
		{60445AE9-A34B-4E43-BEE4-DBF5BC385102}.Release|Win32.ActiveCfg = Release|Win32
		{60445AE9-A34B-4E43-BEE4-DBF5BC385102}.Release|Win32.Build.0 = Release|Win32
		{60445AE9-A34B-4E43-BEE4-DBF5BC385102}.Release|x64.ActiveCfg = Release|x64
		{60445AE9-A34B-4E43-BEE4-DBF5BC385102}.Release|x64.Build.0 = Release|x64
		{60445AE9-A34B-4E43-BEE4-DBF5BC385102}.ReleaseOpenMP|Win32.ActiveCfg = Release|Win32
		{60445AE9-A34B-4E43-BEE4-DBF5BC385102}.ReleaseOpenMP|Win32.Build.0 = Release|Win32
		{60445AE9-A34B-4E43-BEE4-DBF5BC385102}.ReleaseOpenMP|x64.ActiveCfg = Release|x64
		{60445AE9-A34B-4E43-BEE4-DBF5BC385102}.ReleaseOpenMP|x64.Build.0 = Release|x64
		{581D601B-91EE-47A1-8318-613F87B9E43F}.Debug|Win32.ActiveCfg = Debug|Win32
		{581D601B-91EE-47A1-8318-613F87B9E43F}.Debug|Win32.Build.0 = Debug|Win32
		{581D601B-91EE-47A1-8318-613F87B9E43F}.Debug|x64.ActiveCfg = Debug|x64
		{581D601B-91EE-47A1-8318-613F87B9E43F}.Debug|x64.Build.0 = Debug|x64
		{581D601B-91EE-47A1-8318-613F87B9E43F}.DebugOpenMP|Win32.ActiveCfg = Debug|Win32
		{581D601B-91EE-47A1-8318-613F87B9E43F}.DebugOpenMP|Win32.Build.0 = Debug|Win32
		{581D601B-91EE-47A1-8318-613F87B9E43F}.DebugOpenMP|x64.ActiveCfg = Debug|x64
		{581D601B-91EE-47A1-8318-613F87B9E43F}.DebugOpenMP|x64.Build.0 = Debug|x64
		{581D601B-91EE-47A1-8318-613F87B9E43F}.Release|Win32.ActiveCfg = Release|Win32
		{581D601B-91EE-47A1-8318-613F87B9E43F}.Release|Win32.Build.0 = Release|Win32
		{581D601B-91EE-47A1-8318-613F87B9E43F}.Release|x64.ActiveCfg = Release|x64
		{581D601B-91EE-47A1-8318-613F87B9E43F}.Release|x64.Build.0 = Release|x64
		{581D601B-91EE-47A1-8318-613F87B9E43F}.ReleaseOpenMP|Win32.ActiveCfg = Release|Win32
		{581D601B-91EE-47A1-8318-613F87B9E43F}.ReleaseOpenMP|Win32.Build.0 = Release|Win32
		{581D601B-91EE-47A1-8318-613F87B9E43F}.ReleaseOpenMP|x64.ActiveCfg = Release|x64
		{581D601B-91EE-47A1-8318-613F87B9E43F}.ReleaseOpenMP|x64.Build.0 = Release|x64
		{C4405B73-A899-44BF-8681-04CE040B6705}.Debug|Win32.ActiveCfg = Debug|Win32
		{C4405B73-A899-44BF-8681-04CE040B6705}.Debug|Win32.Build.0 = Debug|Win32
		{C4405B73-A899-44BF-8681-04CE040B6705}.Debug|x64.ActiveCfg = Debug|x64
		{C4405B73-A899-44BF-8681-04CE040B6705}.Debug|x64.Build.0 = Debug|x64
		{C4405B73-A899-44BF-8681-04CE040B6705}.DebugOpenMP|Win32.ActiveCfg = Debug|Win32
		{C4405B73-A899-44BF-8681-04CE040B6705}.DebugOpenMP|Win32.Build.0 = Debug|Win32
		{C4405B73-A899-44BF-8681-04CE040B6705}.DebugOpenMP|x64.ActiveCfg = Debug|x64
		{C4405B73-A899-44BF-8681-04CE040B6705}.DebugOpenMP|x64.Build.0 = Debug|x64
		{C4405B73-A899-44BF-8681-04CE040B6705}.Release|Win32.ActiveCfg = Release|Win32
		{C4405B73-A899-44BF-8681-04CE040B6705}.Release|Win32.Build.0 = Release|Win32
		{C4405B73-A899-44BF-8681-04CE040B6705}.Release|x64.ActiveCfg = Release|x64
		{C4405B73-A899-44BF-8681-04CE040B6705}.Release|x64.Build.0 = Release|x64
		{C4405B73-A899-44BF-8681-04CE040B6705}.ReleaseOpenMP|Win32.ActiveCfg = Release|Win32
		{C4405B73-A899-44BF-8681-04CE040B6705}.ReleaseOpenMP|Win32.Build.0 = Release|Win32
		{C4405B73-A899-44BF-8681-04CE040B6705}.ReleaseOpenMP|x64.ActiveCfg = Release|x64
		{C4405B73-A899-44BF-8681-04CE040B6705}.ReleaseOpenMP|x64.Build.0 = Release|x64
	EndGlobalSection
	GlobalSection(SolutionProperties) = preSolution
		HideSolutionNode = FALSE
	EndGlobalSection
EndGlobal
